// !$*UTF8*$!
{
	archiveVersion = 1;
	classes = {
	};
	objectVersion = 50;
	objects = {

/* Begin PBXBuildFile section */
		37BB5E7B269EBD8E00C92949 /* ActionSheetController+MockController.swift in Sources */ = {isa = PBXBuildFile; fileRef = 37BB5E7A269EBD8E00C92949 /* ActionSheetController+MockController.swift */; };
		86DF0F6E26813D5500F554E4 /* AppDelegate.swift in Sources */ = {isa = PBXBuildFile; fileRef = 86DF0F6D26813D5500F554E4 /* AppDelegate.swift */; };
		86DF0F7026813D5500F554E4 /* SceneDelegate.swift in Sources */ = {isa = PBXBuildFile; fileRef = 86DF0F6F26813D5500F554E4 /* SceneDelegate.swift */; };
		86DF0F7226813D5500F554E4 /* ViewController.swift in Sources */ = {isa = PBXBuildFile; fileRef = 86DF0F7126813D5500F554E4 /* ViewController.swift */; };
		86DF0F7526813D5500F554E4 /* Main.storyboard in Resources */ = {isa = PBXBuildFile; fileRef = 86DF0F7326813D5500F554E4 /* Main.storyboard */; };
		86DF0F7726813D5600F554E4 /* Assets.xcassets in Resources */ = {isa = PBXBuildFile; fileRef = 86DF0F7626813D5600F554E4 /* Assets.xcassets */; };
		86DF0F7A26813D5600F554E4 /* LaunchScreen.storyboard in Resources */ = {isa = PBXBuildFile; fileRef = 86DF0F7826813D5600F554E4 /* LaunchScreen.storyboard */; };
		86DF0F8226813EEB00F554E4 /* ActionSheetController.swift in Sources */ = {isa = PBXBuildFile; fileRef = 86DF0F8126813EEB00F554E4 /* ActionSheetController.swift */; };
		86DF0F8426813F4800F554E4 /* UIViewController+Helpers.swift in Sources */ = {isa = PBXBuildFile; fileRef = 86DF0F8326813F4800F554E4 /* UIViewController+Helpers.swift */; };
		86DF0F872682695500F554E4 /* Action.swift in Sources */ = {isa = PBXBuildFile; fileRef = 86DF0F862682695500F554E4 /* Action.swift */; };
		86DF0F8B268272EE00F554E4 /* ActionSheetView.swift in Sources */ = {isa = PBXBuildFile; fileRef = 86DF0F8A268272EE00F554E4 /* ActionSheetView.swift */; };
		86DF0F8D268276AE00F554E4 /* ProgrammaticUIView.swift in Sources */ = {isa = PBXBuildFile; fileRef = 86DF0F8C268276AE00F554E4 /* ProgrammaticUIView.swift */; };
		86DF0F8F2682820C00F554E4 /* ProgrammaticUIViewController.swift in Sources */ = {isa = PBXBuildFile; fileRef = 86DF0F8E2682820C00F554E4 /* ProgrammaticUIViewController.swift */; };
		86DF0F91268282AD00F554E4 /* UIView+Helpers.swift in Sources */ = {isa = PBXBuildFile; fileRef = 86DF0F90268282AD00F554E4 /* UIView+Helpers.swift */; };
		86DF0F9326829C1B00F554E4 /* ModalPresentationController.swift in Sources */ = {isa = PBXBuildFile; fileRef = 86DF0F9226829C1B00F554E4 /* ModalPresentationController.swift */; };
		86DF0F952682DACE00F554E4 /* UIStackview+Helpers.swift in Sources */ = {isa = PBXBuildFile; fileRef = 86DF0F942682DACE00F554E4 /* UIStackview+Helpers.swift */; };
		86DF0F972683816300F554E4 /* ActionButton.swift in Sources */ = {isa = PBXBuildFile; fileRef = 86DF0F962683816300F554E4 /* ActionButton.swift */; };
		86E4C02F268CEE2D00166E11 /* Action+Style.swift in Sources */ = {isa = PBXBuildFile; fileRef = 86E4C02E268CEE2D00166E11 /* Action+Style.swift */; };
		86E4C036268E6E4A00166E11 /* CACornerMask+Ext.swift in Sources */ = {isa = PBXBuildFile; fileRef = 86E4C035268E6E4A00166E11 /* CACornerMask+Ext.swift */; };
		86E4C038269018ED00166E11 /* CustomPresentable.swift in Sources */ = {isa = PBXBuildFile; fileRef = 86E4C037269018ED00166E11 /* CustomPresentable.swift */; };
/* End PBXBuildFile section */

/* Begin PBXFileReference section */
		37BB5E7A269EBD8E00C92949 /* ActionSheetController+MockController.swift */ = {isa = PBXFileReference; lastKnownFileType = sourcecode.swift; path = "ActionSheetController+MockController.swift"; sourceTree = "<group>"; };
		86DF0F6A26813D5500F554E4 /* CustomActionSheet.app */ = {isa = PBXFileReference; explicitFileType = wrapper.application; includeInIndex = 0; path = CustomActionSheet.app; sourceTree = BUILT_PRODUCTS_DIR; };
		86DF0F6D26813D5500F554E4 /* AppDelegate.swift */ = {isa = PBXFileReference; lastKnownFileType = sourcecode.swift; path = AppDelegate.swift; sourceTree = "<group>"; };
		86DF0F6F26813D5500F554E4 /* SceneDelegate.swift */ = {isa = PBXFileReference; lastKnownFileType = sourcecode.swift; path = SceneDelegate.swift; sourceTree = "<group>"; };
		86DF0F7126813D5500F554E4 /* ViewController.swift */ = {isa = PBXFileReference; lastKnownFileType = sourcecode.swift; path = ViewController.swift; sourceTree = "<group>"; };
		86DF0F7426813D5500F554E4 /* Base */ = {isa = PBXFileReference; lastKnownFileType = file.storyboard; name = Base; path = Base.lproj/Main.storyboard; sourceTree = "<group>"; };
		86DF0F7626813D5600F554E4 /* Assets.xcassets */ = {isa = PBXFileReference; lastKnownFileType = folder.assetcatalog; path = Assets.xcassets; sourceTree = "<group>"; };
		86DF0F7926813D5600F554E4 /* Base */ = {isa = PBXFileReference; lastKnownFileType = file.storyboard; name = Base; path = Base.lproj/LaunchScreen.storyboard; sourceTree = "<group>"; };
		86DF0F7B26813D5600F554E4 /* Info.plist */ = {isa = PBXFileReference; lastKnownFileType = text.plist.xml; path = Info.plist; sourceTree = "<group>"; };
		86DF0F8126813EEB00F554E4 /* ActionSheetController.swift */ = {isa = PBXFileReference; lastKnownFileType = sourcecode.swift; path = ActionSheetController.swift; sourceTree = "<group>"; };
		86DF0F8326813F4800F554E4 /* UIViewController+Helpers.swift */ = {isa = PBXFileReference; lastKnownFileType = sourcecode.swift; path = "UIViewController+Helpers.swift"; sourceTree = "<group>"; };
		86DF0F862682695500F554E4 /* Action.swift */ = {isa = PBXFileReference; lastKnownFileType = sourcecode.swift; path = Action.swift; sourceTree = "<group>"; };
		86DF0F8A268272EE00F554E4 /* ActionSheetView.swift */ = {isa = PBXFileReference; lastKnownFileType = sourcecode.swift; path = ActionSheetView.swift; sourceTree = "<group>"; };
		86DF0F8C268276AE00F554E4 /* ProgrammaticUIView.swift */ = {isa = PBXFileReference; lastKnownFileType = sourcecode.swift; path = ProgrammaticUIView.swift; sourceTree = "<group>"; };
		86DF0F8E2682820C00F554E4 /* ProgrammaticUIViewController.swift */ = {isa = PBXFileReference; lastKnownFileType = sourcecode.swift; path = ProgrammaticUIViewController.swift; sourceTree = "<group>"; };
		86DF0F90268282AD00F554E4 /* UIView+Helpers.swift */ = {isa = PBXFileReference; lastKnownFileType = sourcecode.swift; path = "UIView+Helpers.swift"; sourceTree = "<group>"; };
		86DF0F9226829C1B00F554E4 /* ModalPresentationController.swift */ = {isa = PBXFileReference; lastKnownFileType = sourcecode.swift; path = ModalPresentationController.swift; sourceTree = "<group>"; };
		86DF0F942682DACE00F554E4 /* UIStackview+Helpers.swift */ = {isa = PBXFileReference; lastKnownFileType = sourcecode.swift; path = "UIStackview+Helpers.swift"; sourceTree = "<group>"; };
		86DF0F962683816300F554E4 /* ActionButton.swift */ = {isa = PBXFileReference; lastKnownFileType = sourcecode.swift; path = ActionButton.swift; sourceTree = "<group>"; };
		86E4C02E268CEE2D00166E11 /* Action+Style.swift */ = {isa = PBXFileReference; lastKnownFileType = sourcecode.swift; path = "Action+Style.swift"; sourceTree = "<group>"; };
		86E4C035268E6E4A00166E11 /* CACornerMask+Ext.swift */ = {isa = PBXFileReference; lastKnownFileType = sourcecode.swift; path = "CACornerMask+Ext.swift"; sourceTree = "<group>"; };
		86E4C037269018ED00166E11 /* CustomPresentable.swift */ = {isa = PBXFileReference; lastKnownFileType = sourcecode.swift; path = CustomPresentable.swift; sourceTree = "<group>"; };
/* End PBXFileReference section */

/* Begin PBXFrameworksBuildPhase section */
		86DF0F6726813D5500F554E4 /* Frameworks */ = {
			isa = PBXFrameworksBuildPhase;
			buildActionMask = 2147483647;
			files = (
			);
			runOnlyForDeploymentPostprocessing = 0;
		};
/* End PBXFrameworksBuildPhase section */

/* Begin PBXGroup section */
		86DF0F6126813D5500F554E4 = {
			isa = PBXGroup;
			children = (
				86DF0F6C26813D5500F554E4 /* CustomActionSheet */,
				86DF0F6B26813D5500F554E4 /* Products */,
			);
			sourceTree = "<group>";
		};
		86DF0F6B26813D5500F554E4 /* Products */ = {
			isa = PBXGroup;
			children = (
				86DF0F6A26813D5500F554E4 /* CustomActionSheet.app */,
			);
			name = Products;
			sourceTree = "<group>";
		};
		86DF0F6C26813D5500F554E4 /* CustomActionSheet */ = {
			isa = PBXGroup;
			children = (
				86DF0F7126813D5500F554E4 /* ViewController.swift */,
				86DF0F8A268272EE00F554E4 /* ActionSheetView.swift */,
				86DF0F8126813EEB00F554E4 /* ActionSheetController.swift */,
				37BB5E7A269EBD8E00C92949 /* ActionSheetController+MockController.swift */,
				86E4C033268CF19200166E11 /* Presentation+Transition */,
				86E4C031268CF08900166E11 /* Action */,
				86E4C030268CF05600166E11 /* Helpers */,
				86E4C034268CF1E300166E11 /* CustomViews */,
				86DF0F8526813F5500F554E4 /* App */,
			);
			path = CustomActionSheet;
			sourceTree = "<group>";
		};
		86DF0F8526813F5500F554E4 /* App */ = {
			isa = PBXGroup;
			children = (
				86DF0F6F26813D5500F554E4 /* SceneDelegate.swift */,
				86DF0F6D26813D5500F554E4 /* AppDelegate.swift */,
				86DF0F7326813D5500F554E4 /* Main.storyboard */,
				86DF0F7626813D5600F554E4 /* Assets.xcassets */,
				86DF0F7826813D5600F554E4 /* LaunchScreen.storyboard */,
				86DF0F7B26813D5600F554E4 /* Info.plist */,
			);
			path = App;
			sourceTree = "<group>";
		};
		86E4C030268CF05600166E11 /* Helpers */ = {
			isa = PBXGroup;
			children = (
				86DF0F8C268276AE00F554E4 /* ProgrammaticUIView.swift */,
				86DF0F8E2682820C00F554E4 /* ProgrammaticUIViewController.swift */,
				86DF0F90268282AD00F554E4 /* UIView+Helpers.swift */,
				86DF0F8326813F4800F554E4 /* UIViewController+Helpers.swift */,
				86DF0F942682DACE00F554E4 /* UIStackview+Helpers.swift */,
				86E4C035268E6E4A00166E11 /* CACornerMask+Ext.swift */,
			);
			path = Helpers;
			sourceTree = "<group>";
		};
		86E4C031268CF08900166E11 /* Action */ = {
			isa = PBXGroup;
			children = (
				86DF0F862682695500F554E4 /* Action.swift */,
				86E4C02E268CEE2D00166E11 /* Action+Style.swift */,
			);
			path = Action;
			sourceTree = "<group>";
		};
		86E4C033268CF19200166E11 /* Presentation+Transition */ = {
			isa = PBXGroup;
			children = (
				86DF0F9226829C1B00F554E4 /* ModalPresentationController.swift */,
				86E4C037269018ED00166E11 /* CustomPresentable.swift */,
			);
			path = "Presentation+Transition";
			sourceTree = "<group>";
		};
		86E4C034268CF1E300166E11 /* CustomViews */ = {
			isa = PBXGroup;
			children = (
				86DF0F962683816300F554E4 /* ActionButton.swift */,
			);
			path = CustomViews;
			sourceTree = "<group>";
		};
/* End PBXGroup section */

/* Begin PBXNativeTarget section */
		86DF0F6926813D5500F554E4 /* CustomActionSheet */ = {
			isa = PBXNativeTarget;
			buildConfigurationList = 86DF0F7E26813D5600F554E4 /* Build configuration list for PBXNativeTarget "CustomActionSheet" */;
			buildPhases = (
				86DF0F6626813D5500F554E4 /* Sources */,
				86DF0F6726813D5500F554E4 /* Frameworks */,
				86DF0F6826813D5500F554E4 /* Resources */,
			);
			buildRules = (
			);
			dependencies = (
			);
			name = CustomActionSheet;
			productName = CustomActionSheet;
			productReference = 86DF0F6A26813D5500F554E4 /* CustomActionSheet.app */;
			productType = "com.apple.product-type.application";
		};
/* End PBXNativeTarget section */

/* Begin PBXProject section */
		86DF0F6226813D5500F554E4 /* Project object */ = {
			isa = PBXProject;
			attributes = {
				LastSwiftUpdateCheck = 1250;
				LastUpgradeCheck = 1250;
				TargetAttributes = {
					86DF0F6926813D5500F554E4 = {
						CreatedOnToolsVersion = 12.5;
					};
				};
			};
			buildConfigurationList = 86DF0F6526813D5500F554E4 /* Build configuration list for PBXProject "CustomActionSheet" */;
			compatibilityVersion = "Xcode 9.3";
			developmentRegion = en;
			hasScannedForEncodings = 0;
			knownRegions = (
				en,
				Base,
			);
			mainGroup = 86DF0F6126813D5500F554E4;
			productRefGroup = 86DF0F6B26813D5500F554E4 /* Products */;
			projectDirPath = "";
			projectRoot = "";
			targets = (
				86DF0F6926813D5500F554E4 /* CustomActionSheet */,
			);
		};
/* End PBXProject section */

/* Begin PBXResourcesBuildPhase section */
		86DF0F6826813D5500F554E4 /* Resources */ = {
			isa = PBXResourcesBuildPhase;
			buildActionMask = 2147483647;
			files = (
				86DF0F7A26813D5600F554E4 /* LaunchScreen.storyboard in Resources */,
				86DF0F7726813D5600F554E4 /* Assets.xcassets in Resources */,
				86DF0F7526813D5500F554E4 /* Main.storyboard in Resources */,
			);
			runOnlyForDeploymentPostprocessing = 0;
		};
/* End PBXResourcesBuildPhase section */

/* Begin PBXSourcesBuildPhase section */
		86DF0F6626813D5500F554E4 /* Sources */ = {
			isa = PBXSourcesBuildPhase;
			buildActionMask = 2147483647;
			files = (
				37BB5E7B269EBD8E00C92949 /* ActionSheetController+MockController.swift in Sources */,
				86DF0F91268282AD00F554E4 /* UIView+Helpers.swift in Sources */,
				86DF0F8226813EEB00F554E4 /* ActionSheetController.swift in Sources */,
				86E4C038269018ED00166E11 /* CustomPresentable.swift in Sources */,
				86DF0F8F2682820C00F554E4 /* ProgrammaticUIViewController.swift in Sources */,
				86DF0F872682695500F554E4 /* Action.swift in Sources */,
				86DF0F9326829C1B00F554E4 /* ModalPresentationController.swift in Sources */,
				86DF0F8D268276AE00F554E4 /* ProgrammaticUIView.swift in Sources */,
				86DF0F972683816300F554E4 /* ActionButton.swift in Sources */,
				86DF0F7226813D5500F554E4 /* ViewController.swift in Sources */,
				86DF0F6E26813D5500F554E4 /* AppDelegate.swift in Sources */,
				86DF0F8426813F4800F554E4 /* UIViewController+Helpers.swift in Sources */,
				86DF0F952682DACE00F554E4 /* UIStackview+Helpers.swift in Sources */,
				86E4C02F268CEE2D00166E11 /* Action+Style.swift in Sources */,
				86E4C036268E6E4A00166E11 /* CACornerMask+Ext.swift in Sources */,
				86DF0F7026813D5500F554E4 /* SceneDelegate.swift in Sources */,
				86DF0F8B268272EE00F554E4 /* ActionSheetView.swift in Sources */,
			);
			runOnlyForDeploymentPostprocessing = 0;
		};
/* End PBXSourcesBuildPhase section */

/* Begin PBXVariantGroup section */
		86DF0F7326813D5500F554E4 /* Main.storyboard */ = {
			isa = PBXVariantGroup;
			children = (
				86DF0F7426813D5500F554E4 /* Base */,
			);
			name = Main.storyboard;
			sourceTree = "<group>";
		};
		86DF0F7826813D5600F554E4 /* LaunchScreen.storyboard */ = {
			isa = PBXVariantGroup;
			children = (
				86DF0F7926813D5600F554E4 /* Base */,
			);
			name = LaunchScreen.storyboard;
			sourceTree = "<group>";
		};
/* End PBXVariantGroup section */

/* Begin XCBuildConfiguration section */
		86DF0F7C26813D5600F554E4 /* Debug */ = {
			isa = XCBuildConfiguration;
			buildSettings = {
				ALWAYS_SEARCH_USER_PATHS = NO;
				CLANG_ANALYZER_NONNULL = YES;
				CLANG_ANALYZER_NUMBER_OBJECT_CONVERSION = YES_AGGRESSIVE;
				CLANG_CXX_LANGUAGE_STANDARD = "gnu++14";
				CLANG_CXX_LIBRARY = "libc++";
				CLANG_ENABLE_MODULES = YES;
				CLANG_ENABLE_OBJC_ARC = YES;
				CLANG_ENABLE_OBJC_WEAK = YES;
				CLANG_WARN_BLOCK_CAPTURE_AUTORELEASING = YES;
				CLANG_WARN_BOOL_CONVERSION = YES;
				CLANG_WARN_COMMA = YES;
				CLANG_WARN_CONSTANT_CONVERSION = YES;
				CLANG_WARN_DEPRECATED_OBJC_IMPLEMENTATIONS = YES;
				CLANG_WARN_DIRECT_OBJC_ISA_USAGE = YES_ERROR;
				CLANG_WARN_DOCUMENTATION_COMMENTS = YES;
				CLANG_WARN_EMPTY_BODY = YES;
				CLANG_WARN_ENUM_CONVERSION = YES;
				CLANG_WARN_INFINITE_RECURSION = YES;
				CLANG_WARN_INT_CONVERSION = YES;
				CLANG_WARN_NON_LITERAL_NULL_CONVERSION = YES;
				CLANG_WARN_OBJC_IMPLICIT_RETAIN_SELF = YES;
				CLANG_WARN_OBJC_LITERAL_CONVERSION = YES;
				CLANG_WARN_OBJC_ROOT_CLASS = YES_ERROR;
				CLANG_WARN_QUOTED_INCLUDE_IN_FRAMEWORK_HEADER = YES;
				CLANG_WARN_RANGE_LOOP_ANALYSIS = YES;
				CLANG_WARN_STRICT_PROTOTYPES = YES;
				CLANG_WARN_SUSPICIOUS_MOVE = YES;
				CLANG_WARN_UNGUARDED_AVAILABILITY = YES_AGGRESSIVE;
				CLANG_WARN_UNREACHABLE_CODE = YES;
				CLANG_WARN__DUPLICATE_METHOD_MATCH = YES;
				COPY_PHASE_STRIP = NO;
				DEBUG_INFORMATION_FORMAT = dwarf;
				ENABLE_STRICT_OBJC_MSGSEND = YES;
				ENABLE_TESTABILITY = YES;
				GCC_C_LANGUAGE_STANDARD = gnu11;
				GCC_DYNAMIC_NO_PIC = NO;
				GCC_NO_COMMON_BLOCKS = YES;
				GCC_OPTIMIZATION_LEVEL = 0;
				GCC_PREPROCESSOR_DEFINITIONS = (
					"DEBUG=1",
					"$(inherited)",
				);
				GCC_WARN_64_TO_32_BIT_CONVERSION = YES;
				GCC_WARN_ABOUT_RETURN_TYPE = YES_ERROR;
				GCC_WARN_UNDECLARED_SELECTOR = YES;
				GCC_WARN_UNINITIALIZED_AUTOS = YES_AGGRESSIVE;
				GCC_WARN_UNUSED_FUNCTION = YES;
				GCC_WARN_UNUSED_VARIABLE = YES;
				IPHONEOS_DEPLOYMENT_TARGET = 14.5;
				MTL_ENABLE_DEBUG_INFO = INCLUDE_SOURCE;
				MTL_FAST_MATH = YES;
				ONLY_ACTIVE_ARCH = YES;
				SDKROOT = iphoneos;
				SWIFT_ACTIVE_COMPILATION_CONDITIONS = DEBUG;
				SWIFT_OPTIMIZATION_LEVEL = "-Onone";
			};
			name = Debug;
		};
		86DF0F7D26813D5600F554E4 /* Release */ = {
			isa = XCBuildConfiguration;
			buildSettings = {
				ALWAYS_SEARCH_USER_PATHS = NO;
				CLANG_ANALYZER_NONNULL = YES;
				CLANG_ANALYZER_NUMBER_OBJECT_CONVERSION = YES_AGGRESSIVE;
				CLANG_CXX_LANGUAGE_STANDARD = "gnu++14";
				CLANG_CXX_LIBRARY = "libc++";
				CLANG_ENABLE_MODULES = YES;
				CLANG_ENABLE_OBJC_ARC = YES;
				CLANG_ENABLE_OBJC_WEAK = YES;
				CLANG_WARN_BLOCK_CAPTURE_AUTORELEASING = YES;
				CLANG_WARN_BOOL_CONVERSION = YES;
				CLANG_WARN_COMMA = YES;
				CLANG_WARN_CONSTANT_CONVERSION = YES;
				CLANG_WARN_DEPRECATED_OBJC_IMPLEMENTATIONS = YES;
				CLANG_WARN_DIRECT_OBJC_ISA_USAGE = YES_ERROR;
				CLANG_WARN_DOCUMENTATION_COMMENTS = YES;
				CLANG_WARN_EMPTY_BODY = YES;
				CLANG_WARN_ENUM_CONVERSION = YES;
				CLANG_WARN_INFINITE_RECURSION = YES;
				CLANG_WARN_INT_CONVERSION = YES;
				CLANG_WARN_NON_LITERAL_NULL_CONVERSION = YES;
				CLANG_WARN_OBJC_IMPLICIT_RETAIN_SELF = YES;
				CLANG_WARN_OBJC_LITERAL_CONVERSION = YES;
				CLANG_WARN_OBJC_ROOT_CLASS = YES_ERROR;
				CLANG_WARN_QUOTED_INCLUDE_IN_FRAMEWORK_HEADER = YES;
				CLANG_WARN_RANGE_LOOP_ANALYSIS = YES;
				CLANG_WARN_STRICT_PROTOTYPES = YES;
				CLANG_WARN_SUSPICIOUS_MOVE = YES;
				CLANG_WARN_UNGUARDED_AVAILABILITY = YES_AGGRESSIVE;
				CLANG_WARN_UNREACHABLE_CODE = YES;
				CLANG_WARN__DUPLICATE_METHOD_MATCH = YES;
				COPY_PHASE_STRIP = NO;
				DEBUG_INFORMATION_FORMAT = "dwarf-with-dsym";
				ENABLE_NS_ASSERTIONS = NO;
				ENABLE_STRICT_OBJC_MSGSEND = YES;
				GCC_C_LANGUAGE_STANDARD = gnu11;
				GCC_NO_COMMON_BLOCKS = YES;
				GCC_WARN_64_TO_32_BIT_CONVERSION = YES;
				GCC_WARN_ABOUT_RETURN_TYPE = YES_ERROR;
				GCC_WARN_UNDECLARED_SELECTOR = YES;
				GCC_WARN_UNINITIALIZED_AUTOS = YES_AGGRESSIVE;
				GCC_WARN_UNUSED_FUNCTION = YES;
				GCC_WARN_UNUSED_VARIABLE = YES;
				IPHONEOS_DEPLOYMENT_TARGET = 14.5;
				MTL_ENABLE_DEBUG_INFO = NO;
				MTL_FAST_MATH = YES;
				SDKROOT = iphoneos;
				SWIFT_COMPILATION_MODE = wholemodule;
				SWIFT_OPTIMIZATION_LEVEL = "-O";
				VALIDATE_PRODUCT = YES;
			};
			name = Release;
		};
		86DF0F7F26813D5600F554E4 /* Debug */ = {
			isa = XCBuildConfiguration;
			buildSettings = {
				ASSETCATALOG_COMPILER_APPICON_NAME = AppIcon;
				ASSETCATALOG_COMPILER_GLOBAL_ACCENT_COLOR_NAME = AccentColor;
				CODE_SIGN_STYLE = Automatic;
				DEVELOPMENT_TEAM = M9C84XWR5L;
				INFOPLIST_FILE = CustomActionSheet/App/Info.plist;
				LD_RUNPATH_SEARCH_PATHS = (
					"$(inherited)",
					"@executable_path/Frameworks",
				);
				PRODUCT_BUNDLE_IDENTIFIER = com.adt.CustomActionSheet;
				PRODUCT_NAME = "$(TARGET_NAME)";
				SWIFT_VERSION = 5.0;
				TARGETED_DEVICE_FAMILY = "1,2";
			};
			name = Debug;
		};
		86DF0F8026813D5600F554E4 /* Release */ = {
			isa = XCBuildConfiguration;
			buildSettings = {
				ASSETCATALOG_COMPILER_APPICON_NAME = AppIcon;
				ASSETCATALOG_COMPILER_GLOBAL_ACCENT_COLOR_NAME = AccentColor;
				CODE_SIGN_STYLE = Automatic;
				DEVELOPMENT_TEAM = M9C84XWR5L;
				INFOPLIST_FILE = CustomActionSheet/App/Info.plist;
				LD_RUNPATH_SEARCH_PATHS = (
					"$(inherited)",
					"@executable_path/Frameworks",
				);
				PRODUCT_BUNDLE_IDENTIFIER = com.adt.CustomActionSheet;
				PRODUCT_NAME = "$(TARGET_NAME)";
				SWIFT_VERSION = 5.0;
				TARGETED_DEVICE_FAMILY = "1,2";
			};
			name = Release;
		};
/* End XCBuildConfiguration section */

/* Begin XCConfigurationList section */
		86DF0F6526813D5500F554E4 /* Build configuration list for PBXProject "CustomActionSheet" */ = {
			isa = XCConfigurationList;
			buildConfigurations = (
				86DF0F7C26813D5600F554E4 /* Debug */,
				86DF0F7D26813D5600F554E4 /* Release */,
			);
			defaultConfigurationIsVisible = 0;
			defaultConfigurationName = Release;
		};
		86DF0F7E26813D5600F554E4 /* Build configuration list for PBXNativeTarget "CustomActionSheet" */ = {
			isa = XCConfigurationList;
			buildConfigurations = (
				86DF0F7F26813D5600F554E4 /* Debug */,
				86DF0F8026813D5600F554E4 /* Release */,
			);
			defaultConfigurationIsVisible = 0;
			defaultConfigurationName = Release;
		};
/* End XCConfigurationList section */
	};
	rootObject = 86DF0F6226813D5500F554E4 /* Project object */;
}
